
Microsoft Visual Studio Solution File, Format Version 12.00
# Visual Studio Version 16
VisualStudioVersion = 16.0.31321.278
MinimumVisualStudioVersion = 10.0.40219.1
Project("{9A19103F-16F7-4668-BE54-9A1E7A4F7556}") = "Exercise1", "Exercise1\Exercise1.csproj", "{10F896AF-1AC2-4071-B344-C8E75BF23701}"
EndProject
Project("{9A19103F-16F7-4668-BE54-9A1E7A4F7556}") = "Exercise2", "Exercise2\Exercise2.csproj", "{17956B28-CAE7-49C2-BBA7-3A1F1E830397}"
EndProject
Project("{9A19103F-16F7-4668-BE54-9A1E7A4F7556}") = "Exercise3", "Exercise3\Exercise3.csproj", "{959578E6-27EA-4719-997F-958F3DDD3E56}"
EndProject
Project("{9A19103F-16F7-4668-BE54-9A1E7A4F7556}") = "Exercise4", "Exercise4\Exercise4.csproj", "{2E5D0AB0-8E8C-475C-913A-0376053068FE}"
EndProject
Project("{9A19103F-16F7-4668-BE54-9A1E7A4F7556}") = "Exercise5", "Exercise5\Exercise5.csproj", "{6E8E8305-5E08-484C-BAC8-4A1EAE1CCFF2}"
EndProject
Project("{FAE04EC0-301F-11D3-BF4B-00C04F79EFBC}") = "Exercise6", "Exercise6\Exercise6.csproj", "{0D502F4F-AD67-4A55-AC68-A36A84605512}"
EndProject
Project("{FAE04EC0-301F-11D3-BF4B-00C04F79EFBC}") = "Exercise7", "Exercise7\Exercise7.csproj", "{F5B4F916-DDF7-47F1-8C08-0E130FAA3C8A}"
EndProject
Project("{FAE04EC0-301F-11D3-BF4B-00C04F79EFBC}") = "Exercise8", "Exercise8\Exercise8.csproj", "{FD98A3B9-9B28-4437-BC8D-03726EB13E4E}"
EndProject
Global
	GlobalSection(SolutionConfigurationPlatforms) = preSolution
		Debug|Any CPU = Debug|Any CPU
		Release|Any CPU = Release|Any CPU
	EndGlobalSection
	GlobalSection(ProjectConfigurationPlatforms) = postSolution
		{10F896AF-1AC2-4071-B344-C8E75BF23701}.Debug|Any CPU.ActiveCfg = Debug|Any CPU
		{10F896AF-1AC2-4071-B344-C8E75BF23701}.Debug|Any CPU.Build.0 = Debug|Any CPU
		{10F896AF-1AC2-4071-B344-C8E75BF23701}.Release|Any CPU.ActiveCfg = Release|Any CPU
		{10F896AF-1AC2-4071-B344-C8E75BF23701}.Release|Any CPU.Build.0 = Release|Any CPU
		{17956B28-CAE7-49C2-BBA7-3A1F1E830397}.Debug|Any CPU.ActiveCfg = Debug|Any CPU
		{17956B28-CAE7-49C2-BBA7-3A1F1E830397}.Debug|Any CPU.Build.0 = Debug|Any CPU
		{17956B28-CAE7-49C2-BBA7-3A1F1E830397}.Release|Any CPU.ActiveCfg = Release|Any CPU
		{17956B28-CAE7-49C2-BBA7-3A1F1E830397}.Release|Any CPU.Build.0 = Release|Any CPU
		{959578E6-27EA-4719-997F-958F3DDD3E56}.Debug|Any CPU.ActiveCfg = Debug|Any CPU
		{959578E6-27EA-4719-997F-958F3DDD3E56}.Debug|Any CPU.Build.0 = Debug|Any CPU
		{959578E6-27EA-4719-997F-958F3DDD3E56}.Release|Any CPU.ActiveCfg = Release|Any CPU
		{959578E6-27EA-4719-997F-958F3DDD3E56}.Release|Any CPU.Build.0 = Release|Any CPU
		{2E5D0AB0-8E8C-475C-913A-0376053068FE}.Debug|Any CPU.ActiveCfg = Debug|Any CPU
		{2E5D0AB0-8E8C-475C-913A-0376053068FE}.Debug|Any CPU.Build.0 = Debug|Any CPU
		{2E5D0AB0-8E8C-475C-913A-0376053068FE}.Release|Any CPU.ActiveCfg = Release|Any CPU
		{2E5D0AB0-8E8C-475C-913A-0376053068FE}.Release|Any CPU.Build.0 = Release|Any CPU
		{6E8E8305-5E08-484C-BAC8-4A1EAE1CCFF2}.Debug|Any CPU.ActiveCfg = Debug|Any CPU
		{6E8E8305-5E08-484C-BAC8-4A1EAE1CCFF2}.Debug|Any CPU.Build.0 = Debug|Any CPU
		{6E8E8305-5E08-484C-BAC8-4A1EAE1CCFF2}.Release|Any CPU.ActiveCfg = Release|Any CPU
		{6E8E8305-5E08-484C-BAC8-4A1EAE1CCFF2}.Release|Any CPU.Build.0 = Release|Any CPU
		{0D502F4F-AD67-4A55-AC68-A36A84605512}.Debug|Any CPU.ActiveCfg = Debug|Any CPU
		{0D502F4F-AD67-4A55-AC68-A36A84605512}.Debug|Any CPU.Build.0 = Debug|Any CPU
		{0D502F4F-AD67-4A55-AC68-A36A84605512}.Release|Any CPU.ActiveCfg = Release|Any CPU
		{0D502F4F-AD67-4A55-AC68-A36A84605512}.Release|Any CPU.Build.0 = Release|Any CPU
		{F5B4F916-DDF7-47F1-8C08-0E130FAA3C8A}.Debug|Any CPU.ActiveCfg = Debug|Any CPU
		{F5B4F916-DDF7-47F1-8C08-0E130FAA3C8A}.Debug|Any CPU.Build.0 = Debug|Any CPU
		{F5B4F916-DDF7-47F1-8C08-0E130FAA3C8A}.Release|Any CPU.ActiveCfg = Release|Any CPU
		{F5B4F916-DDF7-47F1-8C08-0E130FAA3C8A}.Release|Any CPU.Build.0 = Release|Any CPU
		{FD98A3B9-9B28-4437-BC8D-03726EB13E4E}.Debug|Any CPU.ActiveCfg = Debug|Any CPU
		{FD98A3B9-9B28-4437-BC8D-03726EB13E4E}.Debug|Any CPU.Build.0 = Debug|Any CPU
		{FD98A3B9-9B28-4437-BC8D-03726EB13E4E}.Release|Any CPU.ActiveCfg = Release|Any CPU
		{FD98A3B9-9B28-4437-BC8D-03726EB13E4E}.Release|Any CPU.Build.0 = Release|Any CPU
	EndGlobalSection
	GlobalSection(SolutionProperties) = preSolution
		HideSolutionNode = FALSE
	EndGlobalSection
	GlobalSection(ExtensibilityGlobals) = postSolution
		SolutionGuid = {A86021D2-EFA5-48A0-9FC5-CACD3CFA2998}
	EndGlobalSection
EndGlobal
